
Microsoft Visual Studio Solution File, Format Version 12.00
# Visual Studio Version 16
VisualStudioVersion = 16.0.30413.136
MinimumVisualStudioVersion = 10.0.40219.1
Project("{FAE04EC0-301F-11D3-BF4B-00C04F79EFBC}") = "HonccaBuildingGame", "HonccaBuildingGame\HonccaBuildingGame.csproj", "{CF2293DA-3DC5-410A-9171-E2914E6D5FCD}"
EndProject
Global
	GlobalSection(SolutionConfigurationPlatforms) = preSolution
		Debug|Any CPU = Debug|Any CPU
		Release|Any CPU = Release|Any CPU
	EndGlobalSection
	GlobalSection(ProjectConfigurationPlatforms) = postSolution
		{CF2293DA-3DC5-410A-9171-E2914E6D5FCD}.Debug|Any CPU.ActiveCfg = Debug|Any CPU
		{CF2293DA-3DC5-410A-9171-E2914E6D5FCD}.Debug|Any CPU.Build.0 = Debug|Any CPU
		{CF2293DA-3DC5-410A-9171-E2914E6D5FCD}.Release|Any CPU.ActiveCfg = Release|Any CPU
		{CF2293DA-3DC5-410A-9171-E2914E6D5FCD}.Release|Any CPU.Build.0 = Release|Any CPU
	EndGlobalSection
	GlobalSection(SolutionProperties) = preSolution
		HideSolutionNode = FALSE
	EndGlobalSection
	GlobalSection(ExtensibilityGlobals) = postSolution
		SolutionGuid = {03C448FE-CED4-4C2F-86C0-750FB4D6CC32}
	EndGlobalSection
EndGlobal
